{
  "nodes": {
    "nixpkgs": {
      "locked": {
        "lastModified": 1624280691,
        "narHash": "sha256-MgnGWFMMm0owdIjFhyDbvRnXRvYka/JgZqL+BgoPxY8=",
        "owner": "NixOS",
        "repo": "nixpkgs",
        "rev": "14afd6e5f98a105ba9c5ce66186564d908c56ee1",
        "type": "github"
      },
      "original": {
        "owner": "NixOS",
        "repo": "nixpkgs",
        "type": "github"
      }
    },
    "root": {
      "inputs": {
        "nixpkgs": "nixpkgs"
      }
    }
  },
  "root": "root",
  "version": 7
}
