{
  "nodes": {
    "nixpkgs": {
      "locked": {
        "lastModified": 1626297695,
        "narHash": "sha256-IHdVgRcpn57ldEKZ9FeLhFrElSH+jse8mtcbyMwatPU=",
        "owner": "NixOS",
        "repo": "nixpkgs",
        "rev": "8230082bc3ffb6e5cb80ed5b41f297e7c5c3ca90",
        "type": "github"
      },
      "original": {
        "owner": "NixOS",
        "repo": "nixpkgs",
        "type": "github"
      }
    },
    "root": {
      "inputs": {
        "nixpkgs": "nixpkgs"
      }
    }
  },
  "root": "root",
  "version": 7
}
