{
  "nodes": {
    "nixpkgs": {
      "locked": {
        "lastModified": 1626298850,
        "narHash": "sha256-VOGvZufOboHzw1yMrK5j0ndvFLYi/p2kgMB8tzjdUSo=",
        "owner": "NixOS",
        "repo": "nixpkgs",
        "rev": "8395a2d284c9df06f1c40e4ed0b5ca709ff22c37",
        "type": "github"
      },
      "original": {
        "owner": "NixOS",
        "repo": "nixpkgs",
        "type": "github"
      }
    },
    "root": {
      "inputs": {
        "nixpkgs": "nixpkgs"
      }
    }
  },
  "root": "root",
  "version": 7
}
